
Microsoft Visual Studio Solution File, Format Version 12.00
# Visual Studio Version 17
VisualStudioVersion = 17.14.36915.13
MinimumVisualStudioVersion = 10.0.40219.1
Project("{FAE04EC0-301F-11D3-BF4B-00C04F79EFBC}") = "Gerenciado-de-Usuario-Papido-Facil.Api", "Gerenciado-de-Usuario-Papido-Facil.Api\Gerenciado-de-Usuario-Papido-Facil.Api.csproj", "{59556671-D80D-8378-E4DE-F39BADA488BD}"
EndProject
Project("{FAE04EC0-301F-11D3-BF4B-00C04F79EFBC}") = "Gerenciado-de-Usuario-Papido-Facil.Application", "Gerenciado-de-Usuario-Papido-Facil.Application\Gerenciado-de-Usuario-Papido-Facil.Application.csproj", "{6BBF37A4-9696-5C61-8E78-F3CC490543E3}"
EndProject
Project("{FAE04EC0-301F-11D3-BF4B-00C04F79EFBC}") = "Gerenciado-de-Usuario-Papido-Facil.CrossCutting", "Gerenciado-de-Usuario-Papido-Facil.CrossCutting\Gerenciado-de-Usuario-Papido-Facil.CrossCutting.csproj", "{A0D2B5EA-0FB0-96C1-C41A-B4C9C7E23736}"
EndProject
Project("{FAE04EC0-301F-11D3-BF4B-00C04F79EFBC}") = "Gerenciado-de-Usuario-Papido-Facil.Domain", "Gerenciado-de-Usuario-Papido-Facil.Domain\Gerenciado-de-Usuario-Papido-Facil.Domain.csproj", "{687E6997-E0BE-24B5-0DFF-ABA01F40326A}"
EndProject
Project("{FAE04EC0-301F-11D3-BF4B-00C04F79EFBC}") = "Gerenciado-de-Usuario-Papido-Facil.Infra", "Gerenciado-de-Usuario-Papido-Facil.Infra\Gerenciado-de-Usuario-Papido-Facil.Infra.csproj", "{8EDC79B4-9FA0-45C5-3099-388AB08F0AC7}"
EndProject
Global
	GlobalSection(SolutionConfigurationPlatforms) = preSolution
		Debug|Any CPU = Debug|Any CPU
		Release|Any CPU = Release|Any CPU
	EndGlobalSection
	GlobalSection(ProjectConfigurationPlatforms) = postSolution
		{59556671-D80D-8378-E4DE-F39BADA488BD}.Debug|Any CPU.ActiveCfg = Debug|Any CPU
		{59556671-D80D-8378-E4DE-F39BADA488BD}.Debug|Any CPU.Build.0 = Debug|Any CPU
		{59556671-D80D-8378-E4DE-F39BADA488BD}.Release|Any CPU.ActiveCfg = Release|Any CPU
		{59556671-D80D-8378-E4DE-F39BADA488BD}.Release|Any CPU.Build.0 = Release|Any CPU
		{6BBF37A4-9696-5C61-8E78-F3CC490543E3}.Debug|Any CPU.ActiveCfg = Debug|Any CPU
		{6BBF37A4-9696-5C61-8E78-F3CC490543E3}.Debug|Any CPU.Build.0 = Debug|Any CPU
		{6BBF37A4-9696-5C61-8E78-F3CC490543E3}.Release|Any CPU.ActiveCfg = Release|Any CPU
		{6BBF37A4-9696-5C61-8E78-F3CC490543E3}.Release|Any CPU.Build.0 = Release|Any CPU
		{A0D2B5EA-0FB0-96C1-C41A-B4C9C7E23736}.Debug|Any CPU.ActiveCfg = Debug|Any CPU
		{A0D2B5EA-0FB0-96C1-C41A-B4C9C7E23736}.Debug|Any CPU.Build.0 = Debug|Any CPU
		{A0D2B5EA-0FB0-96C1-C41A-B4C9C7E23736}.Release|Any CPU.ActiveCfg = Release|Any CPU
		{A0D2B5EA-0FB0-96C1-C41A-B4C9C7E23736}.Release|Any CPU.Build.0 = Release|Any CPU
		{687E6997-E0BE-24B5-0DFF-ABA01F40326A}.Debug|Any CPU.ActiveCfg = Debug|Any CPU
		{687E6997-E0BE-24B5-0DFF-ABA01F40326A}.Debug|Any CPU.Build.0 = Debug|Any CPU
		{687E6997-E0BE-24B5-0DFF-ABA01F40326A}.Release|Any CPU.ActiveCfg = Release|Any CPU
		{687E6997-E0BE-24B5-0DFF-ABA01F40326A}.Release|Any CPU.Build.0 = Release|Any CPU
		{8EDC79B4-9FA0-45C5-3099-388AB08F0AC7}.Debug|Any CPU.ActiveCfg = Debug|Any CPU
		{8EDC79B4-9FA0-45C5-3099-388AB08F0AC7}.Debug|Any CPU.Build.0 = Debug|Any CPU
		{8EDC79B4-9FA0-45C5-3099-388AB08F0AC7}.Release|Any CPU.ActiveCfg = Release|Any CPU
		{8EDC79B4-9FA0-45C5-3099-388AB08F0AC7}.Release|Any CPU.Build.0 = Release|Any CPU
	EndGlobalSection
	GlobalSection(SolutionProperties) = preSolution
		HideSolutionNode = FALSE
	EndGlobalSection
	GlobalSection(ExtensibilityGlobals) = postSolution
		SolutionGuid = {C065FF49-AD03-4452-B2E3-2001F30FE760}
	EndGlobalSection
EndGlobal
